
Microsoft Visual Studio Solution File, Format Version 12.00
# Visual Studio Version 17
VisualStudioVersion = 17.14.36518.9
MinimumVisualStudioVersion = 10.0.40219.1
Project("{FAE04EC0-301F-11D3-BF4B-00C04F79EFBC}") = "ProyectoFinal.Dominio", "ProyectoFinal.Dominio\ProyectoFinal.Dominio.csproj", "{DF6CF68D-F9F7-4CEF-833B-AD44E6F6ACC2}"
EndProject
Project("{FAE04EC0-301F-11D3-BF4B-00C04F79EFBC}") = "ProyectoFinal.Datos", "ProyectoFinal.Datos\ProyectoFinal.Datos.csproj", "{275848CA-2E4B-47F1-B493-D40CB12FEC36}"
EndProject
Project("{FAE04EC0-301F-11D3-BF4B-00C04F79EFBC}") = "ProyectoFinal.API", "ProyectoFinal.API\ProyectoFinal.API.csproj", "{46458EF0-7CEC-40D2-AB25-A3D57448DBB1}"
EndProject
Project("{FAE04EC0-301F-11D3-BF4B-00C04F79EFBC}") = "ProyectoFinal.Consola", "ProyectoFinal.Consola\ProyectoFinal.Consola.csproj", "{A7CEF627-9422-4693-A521-D3F2800D15DD}"
EndProject
Project("{FAE04EC0-301F-11D3-BF4B-00C04F79EFBC}") = "ProyectoFinal.WPF", "ProyectoFinal.WPF\ProyectoFinal.WPF.csproj", "{41121792-10AE-42BC-8F70-F82D54614831}"
EndProject
Global
	GlobalSection(SolutionConfigurationPlatforms) = preSolution
		Debug|Any CPU = Debug|Any CPU
		Release|Any CPU = Release|Any CPU
	EndGlobalSection
	GlobalSection(ProjectConfigurationPlatforms) = postSolution
		{DF6CF68D-F9F7-4CEF-833B-AD44E6F6ACC2}.Debug|Any CPU.ActiveCfg = Debug|Any CPU
		{DF6CF68D-F9F7-4CEF-833B-AD44E6F6ACC2}.Debug|Any CPU.Build.0 = Debug|Any CPU
		{DF6CF68D-F9F7-4CEF-833B-AD44E6F6ACC2}.Release|Any CPU.ActiveCfg = Release|Any CPU
		{DF6CF68D-F9F7-4CEF-833B-AD44E6F6ACC2}.Release|Any CPU.Build.0 = Release|Any CPU
		{275848CA-2E4B-47F1-B493-D40CB12FEC36}.Debug|Any CPU.ActiveCfg = Debug|Any CPU
		{275848CA-2E4B-47F1-B493-D40CB12FEC36}.Debug|Any CPU.Build.0 = Debug|Any CPU
		{275848CA-2E4B-47F1-B493-D40CB12FEC36}.Release|Any CPU.ActiveCfg = Release|Any CPU
		{275848CA-2E4B-47F1-B493-D40CB12FEC36}.Release|Any CPU.Build.0 = Release|Any CPU
		{46458EF0-7CEC-40D2-AB25-A3D57448DBB1}.Debug|Any CPU.ActiveCfg = Debug|Any CPU
		{46458EF0-7CEC-40D2-AB25-A3D57448DBB1}.Debug|Any CPU.Build.0 = Debug|Any CPU
		{46458EF0-7CEC-40D2-AB25-A3D57448DBB1}.Release|Any CPU.ActiveCfg = Release|Any CPU
		{46458EF0-7CEC-40D2-AB25-A3D57448DBB1}.Release|Any CPU.Build.0 = Release|Any CPU
		{A7CEF627-9422-4693-A521-D3F2800D15DD}.Debug|Any CPU.ActiveCfg = Debug|Any CPU
		{A7CEF627-9422-4693-A521-D3F2800D15DD}.Debug|Any CPU.Build.0 = Debug|Any CPU
		{A7CEF627-9422-4693-A521-D3F2800D15DD}.Release|Any CPU.ActiveCfg = Release|Any CPU
		{A7CEF627-9422-4693-A521-D3F2800D15DD}.Release|Any CPU.Build.0 = Release|Any CPU
		{41121792-10AE-42BC-8F70-F82D54614831}.Debug|Any CPU.ActiveCfg = Debug|Any CPU
		{41121792-10AE-42BC-8F70-F82D54614831}.Debug|Any CPU.Build.0 = Debug|Any CPU
		{41121792-10AE-42BC-8F70-F82D54614831}.Release|Any CPU.ActiveCfg = Release|Any CPU
		{41121792-10AE-42BC-8F70-F82D54614831}.Release|Any CPU.Build.0 = Release|Any CPU
	EndGlobalSection
	GlobalSection(SolutionProperties) = preSolution
		HideSolutionNode = FALSE
	EndGlobalSection
	GlobalSection(ExtensibilityGlobals) = postSolution
		SolutionGuid = {FA6A97E3-7294-4046-B99A-93B355BE7783}
	EndGlobalSection
EndGlobal
